// !$*UTF8*$!
{
	archiveVersion = 1;
	classes = {
	};
	objectVersion = 46;
	objects = {

/* Begin PBXGroup section */
		DFF5B8A71F744F77006EF61A = {
			isa = PBXGroup;
			children = (
			);
			sourceTree = "<group>";
		};
/* End PBXGroup section */

/* Begin PBXProject section */
		DFF5B8A81F744F77006EF61A /* Project object */ = {
			isa = PBXProject;
			attributes = {
				LastUpgradeCheck = 0810;
			};
			buildConfigurationList = DFF5B8AB1F744F77006EF61A /* Build configuration list for PBXProject "Eigen_Hello_World" */;
			compatibilityVersion = "Xcode 3.2";
			developmentRegion = English;
			hasScannedForEncodings = 0;
			knownRegions = (
				en,
			);
			mainGroup = DFF5B8A71F744F77006EF61A;
			projectDirPath = "";
			projectRoot = "";
			targets = (
			);
		};
/* End PBXProject section */

/* Begin XCBuildConfiguration section */
		DFF5B8AC1F744F77006EF61A /* Debug */ = {
			isa = XCBuildConfiguration;
			buildSettings = {
			};
			name = Debug;
		};
		DFF5B8AD1F744F77006EF61A /* Release */ = {
			isa = XCBuildConfiguration;
			buildSettings = {
			};
			name = Release;
		};
/* End XCBuildConfiguration section */

/* Begin XCConfigurationList section */
		DFF5B8AB1F744F77006EF61A /* Build configuration list for PBXProject "Eigen_Hello_World" */ = {
			isa = XCConfigurationList;
			buildConfigurations = (
				DFF5B8AC1F744F77006EF61A /* Debug */,
				DFF5B8AD1F744F77006EF61A /* Release */,
			);
			defaultConfigurationIsVisible = 0;
			defaultConfigurationName = Release;
		};
/* End XCConfigurationList section */
	};
	rootObject = DFF5B8A81F744F77006EF61A /* Project object */;
}
